
Microsoft Visual Studio Solution File, Format Version 12.00
# Visual Studio Version 17
VisualStudioVersion = 17.13.35931.197 d17.13
MinimumVisualStudioVersion = 10.0.40219.1
Project("{FAE04EC0-301F-11D3-BF4B-00C04F79EFBC}") = "4", "4\4.csproj", "{69D904A0-3907-49DE-AD9F-1A52C928860F}"
EndProject
Global
	GlobalSection(SolutionConfigurationPlatforms) = preSolution
		Debug|Any CPU = Debug|Any CPU
		Release|Any CPU = Release|Any CPU
	EndGlobalSection
	GlobalSection(ProjectConfigurationPlatforms) = postSolution
		{69D904A0-3907-49DE-AD9F-1A52C928860F}.Debug|Any CPU.ActiveCfg = Debug|Any CPU
		{69D904A0-3907-49DE-AD9F-1A52C928860F}.Debug|Any CPU.Build.0 = Debug|Any CPU
		{69D904A0-3907-49DE-AD9F-1A52C928860F}.Release|Any CPU.ActiveCfg = Release|Any CPU
		{69D904A0-3907-49DE-AD9F-1A52C928860F}.Release|Any CPU.Build.0 = Release|Any CPU
	EndGlobalSection
	GlobalSection(SolutionProperties) = preSolution
		HideSolutionNode = FALSE
	EndGlobalSection
	GlobalSection(ExtensibilityGlobals) = postSolution
		SolutionGuid = {734D2421-C42D-44EC-B5BE-F317567AF3BC}
	EndGlobalSection
EndGlobal
