
Microsoft Visual Studio Solution File, Format Version 12.00
# Visual Studio Version 17
VisualStudioVersion = 17.13.35931.197 d17.13
MinimumVisualStudioVersion = 10.0.40219.1
Project("{FAE04EC0-301F-11D3-BF4B-00C04F79EFBC}") = "provodnik", "provodnik\provodnik.csproj", "{FACFF2F7-C4C7-44D2-9F17-DE20FD283C11}"
EndProject
Global
	GlobalSection(SolutionConfigurationPlatforms) = preSolution
		Debug|Any CPU = Debug|Any CPU
		Release|Any CPU = Release|Any CPU
	EndGlobalSection
	GlobalSection(ProjectConfigurationPlatforms) = postSolution
		{FACFF2F7-C4C7-44D2-9F17-DE20FD283C11}.Debug|Any CPU.ActiveCfg = Debug|Any CPU
		{FACFF2F7-C4C7-44D2-9F17-DE20FD283C11}.Debug|Any CPU.Build.0 = Debug|Any CPU
		{FACFF2F7-C4C7-44D2-9F17-DE20FD283C11}.Release|Any CPU.ActiveCfg = Release|Any CPU
		{FACFF2F7-C4C7-44D2-9F17-DE20FD283C11}.Release|Any CPU.Build.0 = Release|Any CPU
	EndGlobalSection
	GlobalSection(SolutionProperties) = preSolution
		HideSolutionNode = FALSE
	EndGlobalSection
	GlobalSection(ExtensibilityGlobals) = postSolution
		SolutionGuid = {CCE7BBE0-049A-4340-9C5F-25D61EA50B22}
	EndGlobalSection
EndGlobal
