
Microsoft Visual Studio Solution File, Format Version 12.00
# Visual Studio Version 17
VisualStudioVersion = 17.13.35931.197 d17.13
MinimumVisualStudioVersion = 10.0.40219.1
Project("{FAE04EC0-301F-11D3-BF4B-00C04F79EFBC}") = "metod3", "metod3\metod3.csproj", "{2D0D49FB-A253-43C3-8AA8-E8B830B2EF12}"
EndProject
Global
	GlobalSection(SolutionConfigurationPlatforms) = preSolution
		Debug|Any CPU = Debug|Any CPU
		Release|Any CPU = Release|Any CPU
	EndGlobalSection
	GlobalSection(ProjectConfigurationPlatforms) = postSolution
		{2D0D49FB-A253-43C3-8AA8-E8B830B2EF12}.Debug|Any CPU.ActiveCfg = Debug|Any CPU
		{2D0D49FB-A253-43C3-8AA8-E8B830B2EF12}.Debug|Any CPU.Build.0 = Debug|Any CPU
		{2D0D49FB-A253-43C3-8AA8-E8B830B2EF12}.Release|Any CPU.ActiveCfg = Release|Any CPU
		{2D0D49FB-A253-43C3-8AA8-E8B830B2EF12}.Release|Any CPU.Build.0 = Release|Any CPU
	EndGlobalSection
	GlobalSection(SolutionProperties) = preSolution
		HideSolutionNode = FALSE
	EndGlobalSection
	GlobalSection(ExtensibilityGlobals) = postSolution
		SolutionGuid = {F4ACA0A8-10F8-4CC8-8FCD-2FA2A6097BA8}
	EndGlobalSection
EndGlobal
