
Microsoft Visual Studio Solution File, Format Version 12.00
# Visual Studio Version 17
VisualStudioVersion = 17.13.35931.197 d17.13
MinimumVisualStudioVersion = 10.0.40219.1
Project("{FAE04EC0-301F-11D3-BF4B-00C04F79EFBC}") = "metod4", "metod4\metod4.csproj", "{4085D322-95A6-4BE3-98E5-720EEB8C36EA}"
EndProject
Global
	GlobalSection(SolutionConfigurationPlatforms) = preSolution
		Debug|Any CPU = Debug|Any CPU
		Release|Any CPU = Release|Any CPU
	EndGlobalSection
	GlobalSection(ProjectConfigurationPlatforms) = postSolution
		{4085D322-95A6-4BE3-98E5-720EEB8C36EA}.Debug|Any CPU.ActiveCfg = Debug|Any CPU
		{4085D322-95A6-4BE3-98E5-720EEB8C36EA}.Debug|Any CPU.Build.0 = Debug|Any CPU
		{4085D322-95A6-4BE3-98E5-720EEB8C36EA}.Release|Any CPU.ActiveCfg = Release|Any CPU
		{4085D322-95A6-4BE3-98E5-720EEB8C36EA}.Release|Any CPU.Build.0 = Release|Any CPU
	EndGlobalSection
	GlobalSection(SolutionProperties) = preSolution
		HideSolutionNode = FALSE
	EndGlobalSection
	GlobalSection(ExtensibilityGlobals) = postSolution
		SolutionGuid = {480EE8A2-D56F-4939-B7F0-7E131387C81F}
	EndGlobalSection
EndGlobal
