
Microsoft Visual Studio Solution File, Format Version 12.00
# Visual Studio Version 17
VisualStudioVersion = 17.13.35931.197 d17.13
MinimumVisualStudioVersion = 10.0.40219.1
Project("{FAE04EC0-301F-11D3-BF4B-00C04F79EFBC}") = "metod2", "metod2\metod2.csproj", "{597C09F0-1B32-4B8C-A79F-5E8C06DD2A38}"
EndProject
Global
	GlobalSection(SolutionConfigurationPlatforms) = preSolution
		Debug|Any CPU = Debug|Any CPU
		Release|Any CPU = Release|Any CPU
	EndGlobalSection
	GlobalSection(ProjectConfigurationPlatforms) = postSolution
		{597C09F0-1B32-4B8C-A79F-5E8C06DD2A38}.Debug|Any CPU.ActiveCfg = Debug|Any CPU
		{597C09F0-1B32-4B8C-A79F-5E8C06DD2A38}.Debug|Any CPU.Build.0 = Debug|Any CPU
		{597C09F0-1B32-4B8C-A79F-5E8C06DD2A38}.Release|Any CPU.ActiveCfg = Release|Any CPU
		{597C09F0-1B32-4B8C-A79F-5E8C06DD2A38}.Release|Any CPU.Build.0 = Release|Any CPU
	EndGlobalSection
	GlobalSection(SolutionProperties) = preSolution
		HideSolutionNode = FALSE
	EndGlobalSection
	GlobalSection(ExtensibilityGlobals) = postSolution
		SolutionGuid = {F256B761-0524-4EE3-A7B0-F41459DD2466}
	EndGlobalSection
EndGlobal
