
Microsoft Visual Studio Solution File, Format Version 12.00
# Visual Studio Version 17
VisualStudioVersion = 17.13.35931.197 d17.13
MinimumVisualStudioVersion = 10.0.40219.1
Project("{FAE04EC0-301F-11D3-BF4B-00C04F79EFBC}") = "3", "3\3.csproj", "{A4BFAEB7-19F4-4B0C-A7DE-C3E9EB03943A}"
EndProject
Global
	GlobalSection(SolutionConfigurationPlatforms) = preSolution
		Debug|Any CPU = Debug|Any CPU
		Release|Any CPU = Release|Any CPU
	EndGlobalSection
	GlobalSection(ProjectConfigurationPlatforms) = postSolution
		{A4BFAEB7-19F4-4B0C-A7DE-C3E9EB03943A}.Debug|Any CPU.ActiveCfg = Debug|Any CPU
		{A4BFAEB7-19F4-4B0C-A7DE-C3E9EB03943A}.Debug|Any CPU.Build.0 = Debug|Any CPU
		{A4BFAEB7-19F4-4B0C-A7DE-C3E9EB03943A}.Release|Any CPU.ActiveCfg = Release|Any CPU
		{A4BFAEB7-19F4-4B0C-A7DE-C3E9EB03943A}.Release|Any CPU.Build.0 = Release|Any CPU
	EndGlobalSection
	GlobalSection(SolutionProperties) = preSolution
		HideSolutionNode = FALSE
	EndGlobalSection
	GlobalSection(ExtensibilityGlobals) = postSolution
		SolutionGuid = {0A304027-2E16-4FE8-8DC1-71CB860EBEDE}
	EndGlobalSection
EndGlobal
